{
  "pins" : [
    {
      "identity" : "colibricomponents-macos",
      "kind" : "remoteSourceControl",
      "location" : "https://github.com/david-swift/ColibriComponents-macOS",
      "state" : {
        "revision" : "79d40222f1d219a1417b9e03a0f08f1b61fa467a",
        "version" : "0.1.9"
      }
    },
    {
      "identity" : "sfsafesymbols",
      "kind" : "remoteSourceControl",
      "location" : "https://github.com/SFSafeSymbols/SFSafeSymbols",
      "state" : {
        "revision" : "7cca2d60925876b5953a2cf7341cd80fbeac983c",
        "version" : "4.1.1"
      }
    },
    {
      "identity" : "swiftlintplugin",
      "kind" : "remoteSourceControl",
      "location" : "https://github.com/lukepistrol/SwiftLintPlugin",
      "state" : {
        "revision" : "b1090ecd269dddd96bda0df24ca3f1aa78f33578",
        "version" : "0.52.4"
      }
    }
  ],
  "version" : 2
}
